
Microsoft Visual Studio Solution File, Format Version 12.00
# Visual Studio Version 17
VisualStudioVersion = 17.3.32929.385
MinimumVisualStudioVersion = 10.0.40219.1
Project("{9A19103F-16F7-4668-BE54-9A1E7A4F7556}") = "Entities", "Entities\Entities.csproj", "{597511B4-9EB8-4A30-B58A-1B7770467A5C}"
EndProject
Project("{2150E333-8FDC-42A3-9474-1A3956D46DE8}") = "1 - Apis", "1 - Apis", "{5C5A78D0-F413-4700-9A1B-7A701EB2C112}"
EndProject
Project("{2150E333-8FDC-42A3-9474-1A3956D46DE8}") = "2 - Domain", "2 - Domain", "{BB0E1BDC-6007-4D6A-B63C-BC348B921142}"
EndProject
Project("{2150E333-8FDC-42A3-9474-1A3956D46DE8}") = "3 - Infra", "3 - Infra", "{8ED0887B-5836-4CF6-9380-5FA70C28F4E1}"
EndProject
Project("{2150E333-8FDC-42A3-9474-1A3956D46DE8}") = "4 - Entities", "4 - Entities", "{F0DB530C-F35A-4C69-ABB0-E1DE15FB4F09}"
EndProject
Project("{2150E333-8FDC-42A3-9474-1A3956D46DE8}") = "5 - Test", "5 - Test", "{8B330E09-42C0-412A-89A4-CC927B8CBA29}"
EndProject
Project("{9A19103F-16F7-4668-BE54-9A1E7A4F7556}") = "Infrastructure", "Infrastructure\Infrastructure.csproj", "{58BF3B9F-A060-4758-AB96-74277D7C00C1}"
EndProject
Project("{9A19103F-16F7-4668-BE54-9A1E7A4F7556}") = "Domain", "Domain\Domain.csproj", "{97815903-1CD0-4491-9AD3-FC4E32F11258}"
EndProject
Project("{9A19103F-16F7-4668-BE54-9A1E7A4F7556}") = "WebAPIs", "WebAPIs\WebAPIs.csproj", "{20574D7A-F595-4FF2-95E7-9C2424D51C2F}"
EndProject
Project("{FAE04EC0-301F-11D3-BF4B-00C04F79EFBC}") = "TestProjectAPIDefault", "TestProjectAPIDefault\TestProjectAPIDefault.csproj", "{5861DC88-496E-4C33-94E1-45C61CDD5165}"
EndProject
Global
	GlobalSection(SolutionConfigurationPlatforms) = preSolution
		Debug|Any CPU = Debug|Any CPU
		Release|Any CPU = Release|Any CPU
	EndGlobalSection
	GlobalSection(ProjectConfigurationPlatforms) = postSolution
		{597511B4-9EB8-4A30-B58A-1B7770467A5C}.Debug|Any CPU.ActiveCfg = Debug|Any CPU
		{597511B4-9EB8-4A30-B58A-1B7770467A5C}.Debug|Any CPU.Build.0 = Debug|Any CPU
		{597511B4-9EB8-4A30-B58A-1B7770467A5C}.Release|Any CPU.ActiveCfg = Release|Any CPU
		{597511B4-9EB8-4A30-B58A-1B7770467A5C}.Release|Any CPU.Build.0 = Release|Any CPU
		{58BF3B9F-A060-4758-AB96-74277D7C00C1}.Debug|Any CPU.ActiveCfg = Debug|Any CPU
		{58BF3B9F-A060-4758-AB96-74277D7C00C1}.Debug|Any CPU.Build.0 = Debug|Any CPU
		{58BF3B9F-A060-4758-AB96-74277D7C00C1}.Release|Any CPU.ActiveCfg = Release|Any CPU
		{58BF3B9F-A060-4758-AB96-74277D7C00C1}.Release|Any CPU.Build.0 = Release|Any CPU
		{97815903-1CD0-4491-9AD3-FC4E32F11258}.Debug|Any CPU.ActiveCfg = Debug|Any CPU
		{97815903-1CD0-4491-9AD3-FC4E32F11258}.Debug|Any CPU.Build.0 = Debug|Any CPU
		{97815903-1CD0-4491-9AD3-FC4E32F11258}.Release|Any CPU.ActiveCfg = Release|Any CPU
		{97815903-1CD0-4491-9AD3-FC4E32F11258}.Release|Any CPU.Build.0 = Release|Any CPU
		{20574D7A-F595-4FF2-95E7-9C2424D51C2F}.Debug|Any CPU.ActiveCfg = Debug|Any CPU
		{20574D7A-F595-4FF2-95E7-9C2424D51C2F}.Debug|Any CPU.Build.0 = Debug|Any CPU
		{20574D7A-F595-4FF2-95E7-9C2424D51C2F}.Release|Any CPU.ActiveCfg = Release|Any CPU
		{20574D7A-F595-4FF2-95E7-9C2424D51C2F}.Release|Any CPU.Build.0 = Release|Any CPU
		{5861DC88-496E-4C33-94E1-45C61CDD5165}.Debug|Any CPU.ActiveCfg = Debug|Any CPU
		{5861DC88-496E-4C33-94E1-45C61CDD5165}.Debug|Any CPU.Build.0 = Debug|Any CPU
		{5861DC88-496E-4C33-94E1-45C61CDD5165}.Release|Any CPU.ActiveCfg = Release|Any CPU
		{5861DC88-496E-4C33-94E1-45C61CDD5165}.Release|Any CPU.Build.0 = Release|Any CPU
	EndGlobalSection
	GlobalSection(SolutionProperties) = preSolution
		HideSolutionNode = FALSE
	EndGlobalSection
	GlobalSection(NestedProjects) = preSolution
		{597511B4-9EB8-4A30-B58A-1B7770467A5C} = {F0DB530C-F35A-4C69-ABB0-E1DE15FB4F09}
		{58BF3B9F-A060-4758-AB96-74277D7C00C1} = {8ED0887B-5836-4CF6-9380-5FA70C28F4E1}
		{97815903-1CD0-4491-9AD3-FC4E32F11258} = {BB0E1BDC-6007-4D6A-B63C-BC348B921142}
		{20574D7A-F595-4FF2-95E7-9C2424D51C2F} = {5C5A78D0-F413-4700-9A1B-7A701EB2C112}
		{5861DC88-496E-4C33-94E1-45C61CDD5165} = {8B330E09-42C0-412A-89A4-CC927B8CBA29}
	EndGlobalSection
	GlobalSection(ExtensibilityGlobals) = postSolution
		SolutionGuid = {E55C4A79-A241-4353-8580-BD0B658F94FC}
	EndGlobalSection
EndGlobal
